// !$*UTF8*$!
{
	archiveVersion = 1;
	classes = {
	};
	objectVersion = 46;
	objects = {

/* Begin PBXBuildFile section */
		C67182E91921155E00129B3B /* Foundation.framework in Frameworks */ = {isa = PBXBuildFile; fileRef = C67182E81921155E00129B3B /* Foundation.framework */; };
		C67182EB1921155E00129B3B /* CoreGraphics.framework in Frameworks */ = {isa = PBXBuildFile; fileRef = C67182EA1921155E00129B3B /* CoreGraphics.framework */; };
		C67182ED1921155E00129B3B /* UIKit.framework in Frameworks */ = {isa = PBXBuildFile; fileRef = C67182EC1921155E00129B3B /* UIKit.framework */; };
		C67182F31921155E00129B3B /* InfoPlist.strings in Resources */ = {isa = PBXBuildFile; fileRef = C67182F11921155E00129B3B /* InfoPlist.strings */; };
		C67182F51921155E00129B3B /* main.m in Sources */ = {isa = PBXBuildFile; fileRef = C67182F41921155E00129B3B /* main.m */; };
		C67182F91921155E00129B3B /* iBeaconAppDelegate.m in Sources */ = {isa = PBXBuildFile; fileRef = C67182F81921155E00129B3B /* iBeaconAppDelegate.m */; };
		C67182FC1921155E00129B3B /* Main.storyboard in Resources */ = {isa = PBXBuildFile; fileRef = C67182FA1921155E00129B3B /* Main.storyboard */; };
		C67182FF1921155E00129B3B /* iBeaconViewController.m in Sources */ = {isa = PBXBuildFile; fileRef = C67182FE1921155E00129B3B /* iBeaconViewController.m */; };
		C67183011921155F00129B3B /* Images.xcassets in Resources */ = {isa = PBXBuildFile; fileRef = C67183001921155F00129B3B /* Images.xcassets */; };
		C67183081921155F00129B3B /* XCTest.framework in Frameworks */ = {isa = PBXBuildFile; fileRef = C67183071921155F00129B3B /* XCTest.framework */; };
		C67183091921155F00129B3B /* Foundation.framework in Frameworks */ = {isa = PBXBuildFile; fileRef = C67182E81921155E00129B3B /* Foundation.framework */; };
		C671830A1921155F00129B3B /* UIKit.framework in Frameworks */ = {isa = PBXBuildFile; fileRef = C67182EC1921155E00129B3B /* UIKit.framework */; };
		C67183121921155F00129B3B /* InfoPlist.strings in Resources */ = {isa = PBXBuildFile; fileRef = C67183101921155F00129B3B /* InfoPlist.strings */; };
		C67183141921155F00129B3B /* iBeaconTests.m in Sources */ = {isa = PBXBuildFile; fileRef = C67183131921155F00129B3B /* iBeaconTests.m */; };
/* End PBXBuildFile section */

/* Begin PBXContainerItemProxy section */
		C671830B1921155F00129B3B /* PBXContainerItemProxy */ = {
			isa = PBXContainerItemProxy;
			containerPortal = C67182DD1921155E00129B3B /* Project object */;
			proxyType = 1;
			remoteGlobalIDString = C67182E41921155E00129B3B;
			remoteInfo = iBeacon;
		};
/* End PBXContainerItemProxy section */

/* Begin PBXFileReference section */
		C67182E51921155E00129B3B /* iBeacon.app */ = {isa = PBXFileReference; explicitFileType = wrapper.application; includeInIndex = 0; path = iBeacon.app; sourceTree = BUILT_PRODUCTS_DIR; };
		C67182E81921155E00129B3B /* Foundation.framework */ = {isa = PBXFileReference; lastKnownFileType = wrapper.framework; name = Foundation.framework; path = System/Library/Frameworks/Foundation.framework; sourceTree = SDKROOT; };
		C67182EA1921155E00129B3B /* CoreGraphics.framework */ = {isa = PBXFileReference; lastKnownFileType = wrapper.framework; name = CoreGraphics.framework; path = System/Library/Frameworks/CoreGraphics.framework; sourceTree = SDKROOT; };
		C67182EC1921155E00129B3B /* UIKit.framework */ = {isa = PBXFileReference; lastKnownFileType = wrapper.framework; name = UIKit.framework; path = System/Library/Frameworks/UIKit.framework; sourceTree = SDKROOT; };
		C67182F01921155E00129B3B /* iBeacon-Info.plist */ = {isa = PBXFileReference; lastKnownFileType = text.plist.xml; path = "iBeacon-Info.plist"; sourceTree = "<group>"; };
		C67182F21921155E00129B3B /* en */ = {isa = PBXFileReference; lastKnownFileType = text.plist.strings; name = en; path = en.lproj/InfoPlist.strings; sourceTree = "<group>"; };
		C67182F41921155E00129B3B /* main.m */ = {isa = PBXFileReference; lastKnownFileType = sourcecode.c.objc; path = main.m; sourceTree = "<group>"; };
		C67182F61921155E00129B3B /* iBeacon-Prefix.pch */ = {isa = PBXFileReference; lastKnownFileType = sourcecode.c.h; path = "iBeacon-Prefix.pch"; sourceTree = "<group>"; };
		C67182F71921155E00129B3B /* iBeaconAppDelegate.h */ = {isa = PBXFileReference; lastKnownFileType = sourcecode.c.h; path = iBeaconAppDelegate.h; sourceTree = "<group>"; };
		C67182F81921155E00129B3B /* iBeaconAppDelegate.m */ = {isa = PBXFileReference; lastKnownFileType = sourcecode.c.objc; path = iBeaconAppDelegate.m; sourceTree = "<group>"; };
		C67182FB1921155E00129B3B /* Base */ = {isa = PBXFileReference; lastKnownFileType = file.storyboard; name = Base; path = Base.lproj/Main.storyboard; sourceTree = "<group>"; };
		C67182FD1921155E00129B3B /* iBeaconViewController.h */ = {isa = PBXFileReference; lastKnownFileType = sourcecode.c.h; path = iBeaconViewController.h; sourceTree = "<group>"; };
		C67182FE1921155E00129B3B /* iBeaconViewController.m */ = {isa = PBXFileReference; lastKnownFileType = sourcecode.c.objc; path = iBeaconViewController.m; sourceTree = "<group>"; };
		C67183001921155F00129B3B /* Images.xcassets */ = {isa = PBXFileReference; lastKnownFileType = folder.assetcatalog; path = Images.xcassets; sourceTree = "<group>"; };
		C67183061921155F00129B3B /* iBeaconTests.xctest */ = {isa = PBXFileReference; explicitFileType = wrapper.cfbundle; includeInIndex = 0; path = iBeaconTests.xctest; sourceTree = BUILT_PRODUCTS_DIR; };
		C67183071921155F00129B3B /* XCTest.framework */ = {isa = PBXFileReference; lastKnownFileType = wrapper.framework; name = XCTest.framework; path = Library/Frameworks/XCTest.framework; sourceTree = DEVELOPER_DIR; };
		C671830F1921155F00129B3B /* iBeaconTests-Info.plist */ = {isa = PBXFileReference; lastKnownFileType = text.plist.xml; path = "iBeaconTests-Info.plist"; sourceTree = "<group>"; };
		C67183111921155F00129B3B /* en */ = {isa = PBXFileReference; lastKnownFileType = text.plist.strings; name = en; path = en.lproj/InfoPlist.strings; sourceTree = "<group>"; };
		C67183131921155F00129B3B /* iBeaconTests.m */ = {isa = PBXFileReference; lastKnownFileType = sourcecode.c.objc; path = iBeaconTests.m; sourceTree = "<group>"; };
/* End PBXFileReference section */

/* Begin PBXFrameworksBuildPhase section */
		C67182E21921155E00129B3B /* Frameworks */ = {
			isa = PBXFrameworksBuildPhase;
			buildActionMask = 2147483647;
			files = (
				C67182EB1921155E00129B3B /* CoreGraphics.framework in Frameworks */,
				C67182ED1921155E00129B3B /* UIKit.framework in Frameworks */,
				C67182E91921155E00129B3B /* Foundation.framework in Frameworks */,
			);
			runOnlyForDeploymentPostprocessing = 0;
		};
		C67183031921155F00129B3B /* Frameworks */ = {
			isa = PBXFrameworksBuildPhase;
			buildActionMask = 2147483647;
			files = (
				C67183081921155F00129B3B /* XCTest.framework in Frameworks */,
				C671830A1921155F00129B3B /* UIKit.framework in Frameworks */,
				C67183091921155F00129B3B /* Foundation.framework in Frameworks */,
			);
			runOnlyForDeploymentPostprocessing = 0;
		};
/* End PBXFrameworksBuildPhase section */

/* Begin PBXGroup section */
		C67182DC1921155E00129B3B = {
			isa = PBXGroup;
			children = (
				C67182EE1921155E00129B3B /* iBeacon */,
				C671830D1921155F00129B3B /* iBeaconTests */,
				C67182E71921155E00129B3B /* Frameworks */,
				C67182E61921155E00129B3B /* Products */,
			);
			sourceTree = "<group>";
		};
		C67182E61921155E00129B3B /* Products */ = {
			isa = PBXGroup;
			children = (
				C67182E51921155E00129B3B /* iBeacon.app */,
				C67183061921155F00129B3B /* iBeaconTests.xctest */,
			);
			name = Products;
			sourceTree = "<group>";
		};
		C67182E71921155E00129B3B /* Frameworks */ = {
			isa = PBXGroup;
			children = (
				C67182E81921155E00129B3B /* Foundation.framework */,
				C67182EA1921155E00129B3B /* CoreGraphics.framework */,
				C67182EC1921155E00129B3B /* UIKit.framework */,
				C67183071921155F00129B3B /* XCTest.framework */,
			);
			name = Frameworks;
			sourceTree = "<group>";
		};
		C67182EE1921155E00129B3B /* iBeacon */ = {
			isa = PBXGroup;
			children = (
				C67182F71921155E00129B3B /* iBeaconAppDelegate.h */,
				C67182F81921155E00129B3B /* iBeaconAppDelegate.m */,
				C67182FA1921155E00129B3B /* Main.storyboard */,
				C67182FD1921155E00129B3B /* iBeaconViewController.h */,
				C67182FE1921155E00129B3B /* iBeaconViewController.m */,
				C67183001921155F00129B3B /* Images.xcassets */,
				C67182EF1921155E00129B3B /* Supporting Files */,
			);
			path = iBeacon;
			sourceTree = "<group>";
		};
		C67182EF1921155E00129B3B /* Supporting Files */ = {
			isa = PBXGroup;
			children = (
				C67182F01921155E00129B3B /* iBeacon-Info.plist */,
				C67182F11921155E00129B3B /* InfoPlist.strings */,
				C67182F41921155E00129B3B /* main.m */,
				C67182F61921155E00129B3B /* iBeacon-Prefix.pch */,
			);
			name = "Supporting Files";
			sourceTree = "<group>";
		};
		C671830D1921155F00129B3B /* iBeaconTests */ = {
			isa = PBXGroup;
			children = (
				C67183131921155F00129B3B /* iBeaconTests.m */,
				C671830E1921155F00129B3B /* Supporting Files */,
			);
			path = iBeaconTests;
			sourceTree = "<group>";
		};
		C671830E1921155F00129B3B /* Supporting Files */ = {
			isa = PBXGroup;
			children = (
				C671830F1921155F00129B3B /* iBeaconTests-Info.plist */,
				C67183101921155F00129B3B /* InfoPlist.strings */,
			);
			name = "Supporting Files";
			sourceTree = "<group>";
		};
/* End PBXGroup section */

/* Begin PBXNativeTarget section */
		C67182E41921155E00129B3B /* iBeacon */ = {
			isa = PBXNativeTarget;
			buildConfigurationList = C67183171921155F00129B3B /* Build configuration list for PBXNativeTarget "iBeacon" */;
			buildPhases = (
				C67182E11921155E00129B3B /* Sources */,
				C67182E21921155E00129B3B /* Frameworks */,
				C67182E31921155E00129B3B /* Resources */,
			);
			buildRules = (
			);
			dependencies = (
			);
			name = iBeacon;
			productName = iBeacon;
			productReference = C67182E51921155E00129B3B /* iBeacon.app */;
			productType = "com.apple.product-type.application";
		};
		C67183051921155F00129B3B /* iBeaconTests */ = {
			isa = PBXNativeTarget;
			buildConfigurationList = C671831A1921155F00129B3B /* Build configuration list for PBXNativeTarget "iBeaconTests" */;
			buildPhases = (
				C67183021921155F00129B3B /* Sources */,
				C67183031921155F00129B3B /* Frameworks */,
				C67183041921155F00129B3B /* Resources */,
			);
			buildRules = (
			);
			dependencies = (
				C671830C1921155F00129B3B /* PBXTargetDependency */,
			);
			name = iBeaconTests;
			productName = iBeaconTests;
			productReference = C67183061921155F00129B3B /* iBeaconTests.xctest */;
			productType = "com.apple.product-type.bundle.unit-test";
		};
/* End PBXNativeTarget section */

/* Begin PBXProject section */
		C67182DD1921155E00129B3B /* Project object */ = {
			isa = PBXProject;
			attributes = {
				CLASSPREFIX = iBeacon;
				LastUpgradeCheck = 0510;
				ORGANIZATIONNAME = "Erin McGee";
				TargetAttributes = {
					C67183051921155F00129B3B = {
						TestTargetID = C67182E41921155E00129B3B;
					};
				};
			};
			buildConfigurationList = C67182E01921155E00129B3B /* Build configuration list for PBXProject "iBeacon" */;
			compatibilityVersion = "Xcode 3.2";
			developmentRegion = English;
			hasScannedForEncodings = 0;
			knownRegions = (
				en,
				Base,
			);
			mainGroup = C67182DC1921155E00129B3B;
			productRefGroup = C67182E61921155E00129B3B /* Products */;
			projectDirPath = "";
			projectRoot = "";
			targets = (
				C67182E41921155E00129B3B /* iBeacon */,
				C67183051921155F00129B3B /* iBeaconTests */,
			);
		};
/* End PBXProject section */

/* Begin PBXResourcesBuildPhase section */
		C67182E31921155E00129B3B /* Resources */ = {
			isa = PBXResourcesBuildPhase;
			buildActionMask = 2147483647;
			files = (
				C67183011921155F00129B3B /* Images.xcassets in Resources */,
				C67182F31921155E00129B3B /* InfoPlist.strings in Resources */,
				C67182FC1921155E00129B3B /* Main.storyboard in Resources */,
			);
			runOnlyForDeploymentPostprocessing = 0;
		};
		C67183041921155F00129B3B /* Resources */ = {
			isa = PBXResourcesBuildPhase;
			buildActionMask = 2147483647;
			files = (
				C67183121921155F00129B3B /* InfoPlist.strings in Resources */,
			);
			runOnlyForDeploymentPostprocessing = 0;
		};
/* End PBXResourcesBuildPhase section */

/* Begin PBXSourcesBuildPhase section */
		C67182E11921155E00129B3B /* Sources */ = {
			isa = PBXSourcesBuildPhase;
			buildActionMask = 2147483647;
			files = (
				C67182FF1921155E00129B3B /* iBeaconViewController.m in Sources */,
				C67182F91921155E00129B3B /* iBeaconAppDelegate.m in Sources */,
				C67182F51921155E00129B3B /* main.m in Sources */,
			);
			runOnlyForDeploymentPostprocessing = 0;
		};
		C67183021921155F00129B3B /* Sources */ = {
			isa = PBXSourcesBuildPhase;
			buildActionMask = 2147483647;
			files = (
				C67183141921155F00129B3B /* iBeaconTests.m in Sources */,
			);
			runOnlyForDeploymentPostprocessing = 0;
		};
/* End PBXSourcesBuildPhase section */

/* Begin PBXTargetDependency section */
		C671830C1921155F00129B3B /* PBXTargetDependency */ = {
			isa = PBXTargetDependency;
			target = C67182E41921155E00129B3B /* iBeacon */;
			targetProxy = C671830B1921155F00129B3B /* PBXContainerItemProxy */;
		};
/* End PBXTargetDependency section */

/* Begin PBXVariantGroup section */
		C67182F11921155E00129B3B /* InfoPlist.strings */ = {
			isa = PBXVariantGroup;
			children = (
				C67182F21921155E00129B3B /* en */,
			);
			name = InfoPlist.strings;
			sourceTree = "<group>";
		};
		C67182FA1921155E00129B3B /* Main.storyboard */ = {
			isa = PBXVariantGroup;
			children = (
				C67182FB1921155E00129B3B /* Base */,
			);
			name = Main.storyboard;
			sourceTree = "<group>";
		};
		C67183101921155F00129B3B /* InfoPlist.strings */ = {
			isa = PBXVariantGroup;
			children = (
				C67183111921155F00129B3B /* en */,
			);
			name = InfoPlist.strings;
			sourceTree = "<group>";
		};
/* End PBXVariantGroup section */

/* Begin XCBuildConfiguration section */
		C67183151921155F00129B3B /* Debug */ = {
			isa = XCBuildConfiguration;
			buildSettings = {
				ALWAYS_SEARCH_USER_PATHS = NO;
				CLANG_CXX_LANGUAGE_STANDARD = "gnu++0x";
				CLANG_CXX_LIBRARY = "libc++";
				CLANG_ENABLE_MODULES = YES;
				CLANG_ENABLE_OBJC_ARC = YES;
				CLANG_WARN_BOOL_CONVERSION = YES;
				CLANG_WARN_CONSTANT_CONVERSION = YES;
				CLANG_WARN_DIRECT_OBJC_ISA_USAGE = YES_ERROR;
				CLANG_WARN_EMPTY_BODY = YES;
				CLANG_WARN_ENUM_CONVERSION = YES;
				CLANG_WARN_INT_CONVERSION = YES;
				CLANG_WARN_OBJC_ROOT_CLASS = YES_ERROR;
				CLANG_WARN__DUPLICATE_METHOD_MATCH = YES;
				"CODE_SIGN_IDENTITY[sdk=iphoneos*]" = "iPhone Developer";
				COPY_PHASE_STRIP = NO;
				GCC_C_LANGUAGE_STANDARD = gnu99;
				GCC_DYNAMIC_NO_PIC = NO;
				GCC_OPTIMIZATION_LEVEL = 0;
				GCC_PREPROCESSOR_DEFINITIONS = (
					"DEBUG=1",
					"$(inherited)",
				);
				GCC_SYMBOLS_PRIVATE_EXTERN = NO;
				GCC_WARN_64_TO_32_BIT_CONVERSION = YES;
				GCC_WARN_ABOUT_RETURN_TYPE = YES_ERROR;
				GCC_WARN_UNDECLARED_SELECTOR = YES;
				GCC_WARN_UNINITIALIZED_AUTOS = YES_AGGRESSIVE;
				GCC_WARN_UNUSED_FUNCTION = YES;
				GCC_WARN_UNUSED_VARIABLE = YES;
				IPHONEOS_DEPLOYMENT_TARGET = 7.1;
				ONLY_ACTIVE_ARCH = YES;
				SDKROOT = iphoneos;
			};
			name = Debug;
		};
		C67183161921155F00129B3B /* Release */ = {
			isa = XCBuildConfiguration;
			buildSettings = {
				ALWAYS_SEARCH_USER_PATHS = NO;
				CLANG_CXX_LANGUAGE_STANDARD = "gnu++0x";
				CLANG_CXX_LIBRARY = "libc++";
				CLANG_ENABLE_MODULES = YES;
				CLANG_ENABLE_OBJC_ARC = YES;
				CLANG_WARN_BOOL_CONVERSION = YES;
				CLANG_WARN_CONSTANT_CONVERSION = YES;
				CLANG_WARN_DIRECT_OBJC_ISA_USAGE = YES_ERROR;
				CLANG_WARN_EMPTY_BODY = YES;
				CLANG_WARN_ENUM_CONVERSION = YES;
				CLANG_WARN_INT_CONVERSION = YES;
				CLANG_WARN_OBJC_ROOT_CLASS = YES_ERROR;
				CLANG_WARN__DUPLICATE_METHOD_MATCH = YES;
				"CODE_SIGN_IDENTITY[sdk=iphoneos*]" = "iPhone Developer";
				COPY_PHASE_STRIP = YES;
				ENABLE_NS_ASSERTIONS = NO;
				GCC_C_LANGUAGE_STANDARD = gnu99;
				GCC_WARN_64_TO_32_BIT_CONVERSION = YES;
				GCC_WARN_ABOUT_RETURN_TYPE = YES_ERROR;
				GCC_WARN_UNDECLARED_SELECTOR = YES;
				GCC_WARN_UNINITIALIZED_AUTOS = YES_AGGRESSIVE;
				GCC_WARN_UNUSED_FUNCTION = YES;
				GCC_WARN_UNUSED_VARIABLE = YES;
				IPHONEOS_DEPLOYMENT_TARGET = 7.1;
				SDKROOT = iphoneos;
				VALIDATE_PRODUCT = YES;
			};
			name = Release;
		};
		C67183181921155F00129B3B /* Debug */ = {
			isa = XCBuildConfiguration;
			buildSettings = {
				ASSETCATALOG_COMPILER_APPICON_NAME = AppIcon;
				ASSETCATALOG_COMPILER_LAUNCHIMAGE_NAME = LaunchImage;
				GCC_PRECOMPILE_PREFIX_HEADER = YES;
				GCC_PREFIX_HEADER = "iBeacon/iBeacon-Prefix.pch";
				INFOPLIST_FILE = "iBeacon/iBeacon-Info.plist";
				PRODUCT_NAME = "$(TARGET_NAME)";
				WRAPPER_EXTENSION = app;
			};
			name = Debug;
		};
		C67183191921155F00129B3B /* Release */ = {
			isa = XCBuildConfiguration;
			buildSettings = {
				ASSETCATALOG_COMPILER_APPICON_NAME = AppIcon;
				ASSETCATALOG_COMPILER_LAUNCHIMAGE_NAME = LaunchImage;
				GCC_PRECOMPILE_PREFIX_HEADER = YES;
				GCC_PREFIX_HEADER = "iBeacon/iBeacon-Prefix.pch";
				INFOPLIST_FILE = "iBeacon/iBeacon-Info.plist";
				PRODUCT_NAME = "$(TARGET_NAME)";
				WRAPPER_EXTENSION = app;
			};
			name = Release;
		};
		C671831B1921155F00129B3B /* Debug */ = {
			isa = XCBuildConfiguration;
			buildSettings = {
				BUNDLE_LOADER = "$(BUILT_PRODUCTS_DIR)/iBeacon.app/iBeacon";
				FRAMEWORK_SEARCH_PATHS = (
					"$(SDKROOT)/Developer/Library/Frameworks",
					"$(inherited)",
					"$(DEVELOPER_FRAMEWORKS_DIR)",
				);
				GCC_PRECOMPILE_PREFIX_HEADER = YES;
				GCC_PREFIX_HEADER = "iBeacon/iBeacon-Prefix.pch";
				GCC_PREPROCESSOR_DEFINITIONS = (
					"DEBUG=1",
					"$(inherited)",
				);
				INFOPLIST_FILE = "iBeaconTests/iBeaconTests-Info.plist";
				PRODUCT_NAME = "$(TARGET_NAME)";
				TEST_HOST = "$(BUNDLE_LOADER)";
				WRAPPER_EXTENSION = xctest;
			};
			name = Debug;
		};
		C671831C1921155F00129B3B /* Release */ = {
			isa = XCBuildConfiguration;
			buildSettings = {
				BUNDLE_LOADER = "$(BUILT_PRODUCTS_DIR)/iBeacon.app/iBeacon";
				FRAMEWORK_SEARCH_PATHS = (
					"$(SDKROOT)/Developer/Library/Frameworks",
					"$(inherited)",
					"$(DEVELOPER_FRAMEWORKS_DIR)",
				);
				GCC_PRECOMPILE_PREFIX_HEADER = YES;
				GCC_PREFIX_HEADER = "iBeacon/iBeacon-Prefix.pch";
				INFOPLIST_FILE = "iBeaconTests/iBeaconTests-Info.plist";
				PRODUCT_NAME = "$(TARGET_NAME)";
				TEST_HOST = "$(BUNDLE_LOADER)";
				WRAPPER_EXTENSION = xctest;
			};
			name = Release;
		};
/* End XCBuildConfiguration section */

/* Begin XCConfigurationList section */
		C67182E01921155E00129B3B /* Build configuration list for PBXProject "iBeacon" */ = {
			isa = XCConfigurationList;
			buildConfigurations = (
				C67183151921155F00129B3B /* Debug */,
				C67183161921155F00129B3B /* Release */,
			);
			defaultConfigurationIsVisible = 0;
			defaultConfigurationName = Release;
		};
		C67183171921155F00129B3B /* Build configuration list for PBXNativeTarget "iBeacon" */ = {
			isa = XCConfigurationList;
			buildConfigurations = (
				C67183181921155F00129B3B /* Debug */,
				C67183191921155F00129B3B /* Release */,
			);
			defaultConfigurationIsVisible = 0;
		};
		C671831A1921155F00129B3B /* Build configuration list for PBXNativeTarget "iBeaconTests" */ = {
			isa = XCConfigurationList;
			buildConfigurations = (
				C671831B1921155F00129B3B /* Debug */,
				C671831C1921155F00129B3B /* Release */,
			);
			defaultConfigurationIsVisible = 0;
		};
/* End XCConfigurationList section */
	};
	rootObject = C67182DD1921155E00129B3B /* Project object */;
}
